{
  "name": "protfolio",
  "version": "1.0.0",
  "lockfileVersion": 2,
  "requires": true,
  "packages": {
    "": {
      "name": "protfolio",
      "version": "1.0.0",
      "license": "ISC",
      "devDependencies": {
        "prettier-plugin-tailwindcss": "^0.5.11"
      }
    },
    "node_modules/prettier-plugin-tailwindcss": {
      "version": "0.5.11",
      "resolved": "https://registry.npmjs.org/prettier-plugin-tailwindcss/-/prettier-plugin-tailwindcss-0.5.11.tgz",
      "integrity": "sha512-AvI/DNyMctyyxGOjyePgi/gqj5hJYClZ1avtQvLlqMT3uDZkRbi4HhGUpok3DRzv9z7Lti85Kdj3s3/1CeNI0w==",
      "dev": true,
      "engines": {
        "node": ">=14.21.3"
      }
    }
  },
  "dependencies": {
    "prettier-plugin-tailwindcss": {
      "version": "0.5.11",
      "resolved": "https://registry.npmjs.org/prettier-plugin-tailwindcss/-/prettier-plugin-tailwindcss-0.5.11.tgz",
      "integrity": "sha512-AvI/DNyMctyyxGOjyePgi/gqj5hJYClZ1avtQvLlqMT3uDZkRbi4HhGUpok3DRzv9z7Lti85Kdj3s3/1CeNI0w==",
      "dev": true
    }
  }
}
